# This file is autogenerated, do not edit; changes may be undone by the next 'dep ensure'.


[[projects]]
  digest = "1:d6afaeed1502aa28e80a4ed0981d570ad91b2579193404256ce672ed0a609e0d"
  name = "github.com/beorn7/perks"
  packages = ["quantile"]
  pruneopts = "UT"
  revision = "4b2b341e8d7715fae06375aa633dbb6e91b3fb46"
  version = "v1.0.0"

[[projects]]
  digest = "1:7b81d2ed76bf960333a8020c4b8c22abd6072f0b54ad31c66e90e6a17a19315a"
  name = "github.com/bshuster-repo/logrus-logstash-hook"
  packages = ["."]
  pruneopts = "UT"
  revision = "dbc1e22735aa6ed7bd9579a407c17bc7c4a4e046"
  version = "v0.4.1"

[[projects]]
  digest = "1:ea99507d649edfc9d5cfb1ceaf680545cfb4836a88d80f0de1a2f3781ff1765e"
  name = "github.com/coreos/etcd"
  packages = [
    "auth/authpb",
    "clientv3",
    "clientv3/concurrency",
    "clientv3/namespace",
    "etcdserver/api/v3rpc/rpctypes",
    "etcdserver/etcdserverpb",
    "mvcc/mvccpb",
    "pkg/tlsutil",
    "pkg/types",
  ]
  pruneopts = "UT"
  revision = "27fc7e2296f506182f58ce846e48f36b34fe6842"
  version = "v3.3.10"

[[projects]]
  digest = "1:76dc72490af7174349349838f2fe118996381b31ea83243812a97e5a0fd5ed55"
  name = "github.com/dgrijalva/jwt-go"
  packages = ["."]
  pruneopts = "UT"
  revision = "06ea1031745cb8b3dab3f6a236daf2b0aa468b7e"
  version = "v3.2.0"

[[projects]]
  digest = "1:ad7ffa16c33f19ee2c17bce7ee865f5632cdc90d908aa313849900ecb3f722df"
  name = "github.com/evalphobia/logrus_fluent"
  packages = ["."]
  pruneopts = "UT"
  revision = "76779e73f35d90f5a873e7feaf6691999b2c5db4"
  version = "v0.4.0"

[[projects]]
  digest = "1:f2768df19f076b2f1956b88dc4beb47ae2c5c8f0ff0d16ff4e6942c2dac9b5b1"
  name = "github.com/fluent/fluent-logger-golang"
  packages = ["fluent"]
  pruneopts = "UT"
  revision = "7a6c9dcd7f14c2ed5d8c55c11b894e5455ee311b"
  version = "v1.4.0"

[[projects]]
  digest = "1:2cd7915ab26ede7d95b8749e6b1f933f1c6d5398030684e6505940a10f31cfda"
  name = "github.com/ghodss/yaml"
  packages = ["."]
  pruneopts = "UT"
  revision = "0ca9ea5df5451ffdf184b4428c902747c2c11cd7"
  version = "v1.0.0"

[[projects]]
  digest = "1:2d91858167615bbc9f642045d8f7e38a16b346fcc2523f9dc75b6da4d8b3397c"
  name = "github.com/gogo/protobuf"
  packages = [
    "gogoproto",
    "jsonpb",
    "plugin/compare",
    "plugin/defaultcheck",
    "plugin/description",
    "plugin/embedcheck",
    "plugin/enumstringer",
    "plugin/equal",
    "plugin/face",
    "plugin/gostring",
    "plugin/marshalto",
    "plugin/oneofcheck",
    "plugin/populate",
    "plugin/size",
    "plugin/stringer",
    "plugin/testgen",
    "plugin/union",
    "plugin/unmarshal",
    "proto",
    "protoc-gen-gogo",
    "protoc-gen-gogo/descriptor",
    "protoc-gen-gogo/generator",
    "protoc-gen-gogo/generator/internal/remap",
    "protoc-gen-gogo/grpc",
    "protoc-gen-gogo/plugin",
    "sortkeys",
    "types",
    "vanity",
    "vanity/command",
  ]
  pruneopts = "UT"
  revision = "ba06b47c162d49f2af050fb4c75bcbc86a159d5c"
  version = "v1.2.1"

[[projects]]
  digest = "1:2356bcf5096ecb76bfcce7cb96af2d58c68ac63206c22d4d2aff9b9df70a486e"
  name = "github.com/golang/protobuf"
  packages = [
    "jsonpb",
    "proto",
    "ptypes",
    "ptypes/any",
    "ptypes/duration",
    "ptypes/struct",
    "ptypes/timestamp",
  ]
  pruneopts = "UT"
  revision = "b5d812f8a3706043e23a9cd5babf2e5423744d30"
  version = "v1.3.1"

[[projects]]
  digest = "1:d5f97fc268267ec1b61c3453058c738246fc3e746f14b1ae25161513b7367b0c"
  name = "github.com/gorilla/mux"
  packages = ["."]
  pruneopts = "UT"
  revision = "c5c6c98bc25355028a63748a498942a6398ccd22"
  version = "v1.7.1"

[[projects]]
  digest = "1:31e761d97c76151dde79e9d28964a812c46efc5baee4085b86f68f0c654450de"
  name = "github.com/konsorten/go-windows-terminal-sequences"
  packages = ["."]
  pruneopts = "UT"
  revision = "f55edac94c9bbba5d6182a4be46d86a2c9b5b50e"
  version = "v1.0.2"

[[projects]]
  branch = "master"
  digest = "1:dc24d1f4c3f679cf7529b5bf3947751e8fe7fcff752ec15d87f0d16faeb5e78e"
  name = "github.com/ligato/cn-infra"
  packages = [
    "agent",
    "config",
    "datasync",
    "datasync/resync",
    "db/keyval",
    "db/keyval/etcd",
    "db/keyval/kvproto",
    "health/probe",
    "health/statuscheck",
    "health/statuscheck/model/status",
    "infra",
    "logging",
    "logging/logmanager",
    "logging/logrus",
    "logging/measure",
    "logging/measure/model/apitrace",
    "rpc/prometheus",
    "rpc/rest",
    "rpc/rest/security",
    "rpc/rest/security/model/access-security",
    "servicelabel",
    "utils/once",
    "utils/safeclose",
  ]
  pruneopts = "UT"
  revision = "4cf6c674e05d8d50a4a5a774d26aa21d1dc58ada"

[[projects]]
  digest = "1:d6aeb06238807c1290be052f4cbee0de929f19312c7d396691ae7568943fea15"
  name = "github.com/ligato/vpp-agent"
  packages = [
    "api/genericmanager",
    "api/models/linux/interfaces",
    "api/models/linux/l3",
    "api/models/linux/namespace",
    "api/models/netalloc",
    "api/models/vpp/interfaces",
    "api/models/vpp/ipsec",
    "api/models/vpp/l2",
    "api/models/vpp/l3",
    "pkg/models",
  ]
  pruneopts = "UT"
  revision = "36edc6484882837e06d89b7c565c5f158439bfb2"
  version = "v2.5.1"

[[projects]]
  digest = "1:ff5ebae34cfbf047d505ee150de27e60570e8c394b3b8fdbb720ff6ac71985fc"
  name = "github.com/matttproud/golang_protobuf_extensions"
  packages = ["pbutil"]
  pruneopts = "UT"
  revision = "c12348ce28de40eed0136aa2b644d0ee0650e56c"
  version = "v1.0.1"

[[projects]]
  digest = "1:53bc4cd4914cd7cd52139990d5170d6dc99067ae31c56530621b18b35fc30318"
  name = "github.com/mitchellh/mapstructure"
  packages = ["."]
  pruneopts = "UT"
  revision = "3536a929edddb9a5b34bd6861dc4a9647cb459fe"
  version = "v1.1.2"

[[projects]]
  digest = "1:6221a3a452964b1ff30efdc22209b124d54d04373e5993264d3fa9b13da0659d"
  name = "github.com/namsral/flag"
  packages = ["."]
  pruneopts = "UT"
  revision = "71ceffbeb0ba60fccc853971bb3ed4d7d90bfd04"
  version = "v1.7.4-pre"

[[projects]]
  digest = "1:5e73b34a27d827212102605789de00bd411b2e434812133c83935fe9897c75e1"
  name = "github.com/philhofer/fwd"
  packages = ["."]
  pruneopts = "UT"
  revision = "bb6d471dc95d4fe11e432687f8b70ff496cf3136"
  version = "v1.0.0"

[[projects]]
  digest = "1:cf31692c14422fa27c83a05292eb5cbe0fb2775972e8f1f8446a71549bd8980b"
  name = "github.com/pkg/errors"
  packages = ["."]
  pruneopts = "UT"
  revision = "ba968bfe8b2f7e042a574c888954fccecfa385b4"
  version = "v0.8.1"

[[projects]]
  digest = "1:d14a5f4bfecf017cb780bdde1b6483e5deb87e12c332544d2c430eda58734bcb"
  name = "github.com/prometheus/client_golang"
  packages = [
    "prometheus",
    "prometheus/promhttp",
  ]
  pruneopts = "UT"
  revision = "c5b7fccd204277076155f10851dad72b76a49317"
  version = "v0.8.0"

[[projects]]
  branch = "master"
  digest = "1:2d5cd61daa5565187e1d96bae64dbbc6080dacf741448e9629c64fd93203b0d4"
  name = "github.com/prometheus/client_model"
  packages = ["go"]
  pruneopts = "UT"
  revision = "fd36f4220a901265f90734c3183c5f0c91daa0b8"

[[projects]]
  digest = "1:35cf6bdf68db765988baa9c4f10cc5d7dda1126a54bd62e252dbcd0b1fc8da90"
  name = "github.com/prometheus/common"
  packages = [
    "expfmt",
    "internal/bitbucket.org/ww/goautoneg",
    "model",
  ]
  pruneopts = "UT"
  revision = "a82f4c12f983cc2649298185f296632953e50d3e"
  version = "v0.3.0"

[[projects]]
  branch = "master"
  digest = "1:49b09905e781d7775c086604cc00083e1832d0783f1f421b79f42657c457d029"
  name = "github.com/prometheus/procfs"
  packages = ["."]
  pruneopts = "UT"
  revision = "8368d24ba045f26503eb745b624d930cbe214c79"

[[projects]]
  branch = "master"
  digest = "1:a3b8912deeef29007fab9a13a9f21b9e9b59c621a2ed61e2fe7b37320a71fbd5"
  name = "github.com/satori/go.uuid"
  packages = ["."]
  pruneopts = "UT"
  revision = "b2ce2384e17bbe0c6d34077efa39dbab3e09123b"

[[projects]]
  digest = "1:3b92b6a96ffd905c5eb0abad457c01a99e8e62b52bb40b1b2e22de27117a16b8"
  name = "github.com/sirupsen/logrus"
  packages = [
    ".",
    "hooks/syslog",
  ]
  pruneopts = "UT"
  revision = "8bdbc7bcc01dcbb8ec23dc8a28e332258d25251f"
  version = "v1.4.1"

[[projects]]
  digest = "1:c97e8a5e5c435c3287f581cdb4441ba34577ec6ead8422bfedafa6269af7abf6"
  name = "github.com/tinylib/msgp"
  packages = ["msgp"]
  pruneopts = "UT"
  revision = "af6442a0fcf6e2a1b824f70dd0c734f01e817751"
  version = "v1.1.0"

[[projects]]
  branch = "master"
  digest = "1:79b4d0d87ca54191e8f7e4ae0ac1f33cc7eea9ee2b9fe7db23044ce89dafbd1b"
  name = "github.com/unrolled/render"
  packages = ["."]
  pruneopts = "UT"
  revision = "1ac792296fd4f4de9559a5f9a85c277c54ffb1cf"

[[projects]]
  digest = "1:4d00d1bd21627273b2feda00f1f4e6bf7a02485b0b265dd90600816abbfb400e"
  name = "go.ligato.io/cn-infra/v2"
  packages = [
    "agent",
    "config",
    "datasync",
    "datasync/resync",
    "db/keyval",
    "db/keyval/kvproto",
    "health/statuscheck",
    "health/statuscheck/model/status",
    "infra",
    "logging",
    "logging/logrus",
    "logging/measure",
    "logging/measure/model/apitrace",
    "rpc/prometheus",
    "rpc/rest",
    "rpc/rest/security",
    "rpc/rest/security/model/access-security",
    "servicelabel",
    "utils/once",
    "utils/safeclose",
  ]
  pruneopts = "UT"
  revision = "8e5bcc37f9c0ec7fafe2fdbcc238a32193c27989"
  version = "v2.5.0"

[[projects]]
  branch = "master"
  digest = "1:9d5b5d543996dd584da1db1e0de1926f3e4c3a8dba0fa2f8db70f3ebee2342e0"
  name = "golang.org/x/crypto"
  packages = [
    "bcrypt",
    "blowfish",
  ]
  pruneopts = "UT"
  revision = "f416ebab96af27ca70b6e5c23d6a0747530da626"

[[projects]]
  branch = "master"
  digest = "1:d9403fe14e9ea0436e59be99b24c76517720c524d5649c3359224364e70252cd"
  name = "golang.org/x/net"
  packages = [
    "context",
    "http/httpguts",
    "http2",
    "http2/hpack",
    "idna",
    "internal/timeseries",
    "trace",
  ]
  pruneopts = "UT"
  revision = "1da14a5a36f220ea3f03470682b737b1dfd5de22"

[[projects]]
  branch = "master"
  digest = "1:28d862f4f9bf2d1976d1d320481bff661b7565eb876d4df2a981f79e7f40e4cd"
  name = "golang.org/x/sys"
  packages = ["unix"]
  pruneopts = "UT"
  revision = "12500544f89f9420afe9529ba8940bf72d294972"

[[projects]]
  digest = "1:a2ab62866c75542dd18d2b069fec854577a20211d7c0ea6ae746072a1dccdd18"
  name = "golang.org/x/text"
  packages = [
    "collate",
    "collate/build",
    "internal/colltab",
    "internal/gen",
    "internal/tag",
    "internal/triegen",
    "internal/ucd",
    "language",
    "secure/bidirule",
    "transform",
    "unicode/bidi",
    "unicode/cldr",
    "unicode/norm",
    "unicode/rangetable",
  ]
  pruneopts = "UT"
  revision = "f21a4dfb5e38f5895301dc265a8def02365cc3d0"
  version = "v0.3.0"

[[projects]]
  branch = "master"
  digest = "1:c3076e7defee87de1236f1814beb588f40a75544c60121e6eb38b3b3721783e2"
  name = "google.golang.org/genproto"
  packages = ["googleapis/rpc/status"]
  pruneopts = "UT"
  revision = "d1146b9035b912113a38af3b138eb2af567b2c67"

[[projects]]
  digest = "1:c713dfe4945e9b372d4e881e2e6742ad361f326ecfee66b807a2c582402c3a63"
  name = "google.golang.org/grpc"
  packages = [
    ".",
    "balancer",
    "balancer/base",
    "balancer/roundrobin",
    "binarylog/grpc_binarylog_v1",
    "codes",
    "connectivity",
    "credentials",
    "credentials/internal",
    "encoding",
    "encoding/proto",
    "grpclog",
    "health/grpc_health_v1",
    "internal",
    "internal/backoff",
    "internal/balancerload",
    "internal/binarylog",
    "internal/channelz",
    "internal/envconfig",
    "internal/grpcrand",
    "internal/grpcsync",
    "internal/syscall",
    "internal/transport",
    "keepalive",
    "metadata",
    "naming",
    "peer",
    "resolver",
    "resolver/dns",
    "resolver/passthrough",
    "stats",
    "status",
    "tap",
  ]
  pruneopts = "UT"
  revision = "236199dd5f8031d698fb64091194aecd1c3895b2"
  version = "v1.20.0"

[[projects]]
  digest = "1:4d2e5a73dc1500038e504a8d78b986630e3626dc027bc030ba5c75da257cdb96"
  name = "gopkg.in/yaml.v2"
  packages = ["."]
  pruneopts = "UT"
  revision = "51d6538a90f86fe93ac480b35f37b2be17fef232"
  version = "v2.2.2"

[solve-meta]
  analyzer-name = "dep"
  analyzer-version = 1
  input-imports = [
    "github.com/ghodss/yaml",
    "github.com/gogo/protobuf/proto",
    "github.com/gogo/protobuf/protoc-gen-gogo",
    "github.com/gorilla/mux",
    "github.com/ligato/cn-infra/agent",
    "github.com/ligato/cn-infra/datasync",
    "github.com/ligato/cn-infra/db/keyval",
    "github.com/ligato/cn-infra/db/keyval/etcd",
    "github.com/ligato/cn-infra/health/probe",
    "github.com/ligato/cn-infra/health/statuscheck",
    "github.com/ligato/cn-infra/infra",
    "github.com/ligato/cn-infra/logging",
    "github.com/ligato/cn-infra/logging/logmanager",
    "github.com/ligato/cn-infra/logging/logrus",
    "github.com/ligato/cn-infra/rpc/rest",
    "github.com/ligato/vpp-agent/api/models/linux/interfaces",
    "github.com/ligato/vpp-agent/api/models/linux/l3",
    "github.com/ligato/vpp-agent/api/models/linux/namespace",
    "github.com/ligato/vpp-agent/api/models/vpp/interfaces",
    "github.com/ligato/vpp-agent/api/models/vpp/ipsec",
    "github.com/ligato/vpp-agent/api/models/vpp/l2",
    "github.com/ligato/vpp-agent/api/models/vpp/l3",
    "github.com/ligato/vpp-agent/pkg/models",
    "github.com/namsral/flag",
    "github.com/pkg/errors",
    "github.com/unrolled/render",
  ]
  solver-name = "gps-cdcl"
  solver-version = 1
